
Microsoft Visual Studio Solution File, Format Version 12.00
# Visual Studio 11
Project("{E24C65DC-7377-472B-9ABA-BC803B73C61A}") = "jquery", ".", "{3F96D734-AC7A-4E95-BCCF-290DE0254EC5}"
	ProjectSection(WebsiteProperties) = preProject
		Debug.AspNetCompiler.Debug = "True"
		Debug.AspNetCompiler.FixedNames = "false"
		Debug.AspNetCompiler.ForceOverwrite = "true"
		Debug.AspNetCompiler.PhysicalPath = "E:\MVC4\jquery\"
		Debug.AspNetCompiler.TargetPath = "PrecompiledWeb\jquery\"
		Debug.AspNetCompiler.Updateable = "true"
		Debug.AspNetCompiler.VirtualPath = "/jquery"
		Release.AspNetCompiler.Debug = "False"
		Release.AspNetCompiler.FixedNames = "false"
		Release.AspNetCompiler.ForceOverwrite = "true"
		Release.AspNetCompiler.PhysicalPath = "E:\MVC4\jquery\"
		Release.AspNetCompiler.TargetPath = "PrecompiledWeb\jquery\"
		Release.AspNetCompiler.Updateable = "true"
		Release.AspNetCompiler.VirtualPath = "/jquery"
		TargetFrameworkMoniker = ".NETFramework,Version%3Dv4.0"
		VWDPort = "12361"
	EndProjectSection
EndProject
Global
	GlobalSection(SolutionConfigurationPlatforms) = preSolution
		Debug|Any CPU = Debug|Any CPU
	EndGlobalSection
	GlobalSection(ProjectConfigurationPlatforms) = postSolution
		{3F96D734-AC7A-4E95-BCCF-290DE0254EC5}.Debug|Any CPU.ActiveCfg = Debug|Any CPU
		{3F96D734-AC7A-4E95-BCCF-290DE0254EC5}.Debug|Any CPU.Build.0 = Debug|Any CPU
	EndGlobalSection
	GlobalSection(SolutionProperties) = preSolution
		HideSolutionNode = FALSE
	EndGlobalSection
EndGlobal
